
Microsoft Visual Studio Solution File, Format Version 12.00
# Visual Studio Version 17
VisualStudioVersion = 17.13.35919.96 d17.13
MinimumVisualStudioVersion = 10.0.40219.1
Project("{FAE04EC0-301F-11D3-BF4B-00C04F79EFBC}") = "StorageServiceApp.Api", "StorageServiceApp.Api.csproj", "{A41E01EC-1937-E311-C51D-30D839CF1EFE}"
EndProject
Global
	GlobalSection(SolutionConfigurationPlatforms) = preSolution
		Debug|Any CPU = Debug|Any CPU
		Release|Any CPU = Release|Any CPU
	EndGlobalSection
	GlobalSection(ProjectConfigurationPlatforms) = postSolution
		{A41E01EC-1937-E311-C51D-30D839CF1EFE}.Debug|Any CPU.ActiveCfg = Debug|Any CPU
		{A41E01EC-1937-E311-C51D-30D839CF1EFE}.Debug|Any CPU.Build.0 = Debug|Any CPU
		{A41E01EC-1937-E311-C51D-30D839CF1EFE}.Release|Any CPU.ActiveCfg = Release|Any CPU
		{A41E01EC-1937-E311-C51D-30D839CF1EFE}.Release|Any CPU.Build.0 = Release|Any CPU
	EndGlobalSection
	GlobalSection(SolutionProperties) = preSolution
		HideSolutionNode = FALSE
	EndGlobalSection
	GlobalSection(ExtensibilityGlobals) = postSolution
		SolutionGuid = {A2A2036C-8E80-4748-B2B3-1E3931D36CBA}
	EndGlobalSection
EndGlobal
