
Microsoft Visual Studio Solution File, Format Version 12.00
# Visual Studio Version 17
VisualStudioVersion = 17.13.35919.96 d17.13
MinimumVisualStudioVersion = 10.0.40219.1
Project("{FAE04EC0-301F-11D3-BF4B-00C04F79EFBC}") = "NationalParkSimulator.Console", "NationalParkSimulator.Console\NationalParkSimulator.Console.csproj", "{EE9A702C-6CA6-4983-958F-9EB744319BDE}"
EndProject
Project("{FAE04EC0-301F-11D3-BF4B-00C04F79EFBC}") = "NationalParkSimulator.Models", "NationalParkSimulator.Models\NationalParkSimulator.Models.csproj", "{FE4B3FA8-98A2-45F3-A456-93557396DB02}"
EndProject
Global
	GlobalSection(SolutionConfigurationPlatforms) = preSolution
		Debug|Any CPU = Debug|Any CPU
		Release|Any CPU = Release|Any CPU
	EndGlobalSection
	GlobalSection(ProjectConfigurationPlatforms) = postSolution
		{EE9A702C-6CA6-4983-958F-9EB744319BDE}.Debug|Any CPU.ActiveCfg = Debug|Any CPU
		{EE9A702C-6CA6-4983-958F-9EB744319BDE}.Debug|Any CPU.Build.0 = Debug|Any CPU
		{EE9A702C-6CA6-4983-958F-9EB744319BDE}.Release|Any CPU.ActiveCfg = Release|Any CPU
		{EE9A702C-6CA6-4983-958F-9EB744319BDE}.Release|Any CPU.Build.0 = Release|Any CPU
		{FE4B3FA8-98A2-45F3-A456-93557396DB02}.Debug|Any CPU.ActiveCfg = Debug|Any CPU
		{FE4B3FA8-98A2-45F3-A456-93557396DB02}.Debug|Any CPU.Build.0 = Debug|Any CPU
		{FE4B3FA8-98A2-45F3-A456-93557396DB02}.Release|Any CPU.ActiveCfg = Release|Any CPU
		{FE4B3FA8-98A2-45F3-A456-93557396DB02}.Release|Any CPU.Build.0 = Release|Any CPU
	EndGlobalSection
	GlobalSection(SolutionProperties) = preSolution
		HideSolutionNode = FALSE
	EndGlobalSection
	GlobalSection(ExtensibilityGlobals) = postSolution
		SolutionGuid = {DFF102B6-1E53-4857-B81A-B92B1AA6C348}
	EndGlobalSection
EndGlobal
